
Microsoft Visual Studio Solution File, Format Version 12.00
# Visual Studio Version 16
VisualStudioVersion = 16.0.30717.126
MinimumVisualStudioVersion = 10.0.40219.1
Project("{FAE04EC0-301F-11D3-BF4B-00C04F79EFBC}") = "Snake", "Snake\Snake.csproj", "{890508B5-B0F7-4CAB-A060-2B8AD3ECD62A}"
EndProject
Global
	GlobalSection(SolutionConfigurationPlatforms) = preSolution
		Debug|Any CPU = Debug|Any CPU
		Release|Any CPU = Release|Any CPU
	EndGlobalSection
	GlobalSection(ProjectConfigurationPlatforms) = postSolution
		{890508B5-B0F7-4CAB-A060-2B8AD3ECD62A}.Debug|Any CPU.ActiveCfg = Debug|Any CPU
		{890508B5-B0F7-4CAB-A060-2B8AD3ECD62A}.Debug|Any CPU.Build.0 = Debug|Any CPU
		{890508B5-B0F7-4CAB-A060-2B8AD3ECD62A}.Release|Any CPU.ActiveCfg = Release|Any CPU
		{890508B5-B0F7-4CAB-A060-2B8AD3ECD62A}.Release|Any CPU.Build.0 = Release|Any CPU
	EndGlobalSection
	GlobalSection(SolutionProperties) = preSolution
		HideSolutionNode = FALSE
	EndGlobalSection
	GlobalSection(ExtensibilityGlobals) = postSolution
		SolutionGuid = {4F85E2E5-9D73-4D9D-B88F-F7E6F0734480}
	EndGlobalSection
EndGlobal
